// !$*UTF8*$!
{
	archiveVersion = 1;
	classes = {
	};
	objectVersion = 46;
	objects = {

/* Begin PBXBuildFile section */
		626DB5521D43ED66007F8968 /* AppDelegate.swift in Sources */ = {isa = PBXBuildFile; fileRef = 626DB5511D43ED66007F8968 /* AppDelegate.swift */; };
		626DB5541D43ED66007F8968 /* ViewController.swift in Sources */ = {isa = PBXBuildFile; fileRef = 626DB5531D43ED66007F8968 /* ViewController.swift */; };
		626DB5571D43ED66007F8968 /* Main.storyboard in Resources */ = {isa = PBXBuildFile; fileRef = 626DB5551D43ED66007F8968 /* Main.storyboard */; };
		626DB5591D43ED66007F8968 /* Assets.xcassets in Resources */ = {isa = PBXBuildFile; fileRef = 626DB5581D43ED66007F8968 /* Assets.xcassets */; };
		626DB55C1D43ED66007F8968 /* LaunchScreen.storyboard in Resources */ = {isa = PBXBuildFile; fileRef = 626DB55A1D43ED66007F8968 /* LaunchScreen.storyboard */; };
		628251A61D44A2EE005E32BE /* IVPMCollectioViewController.swift in Sources */ = {isa = PBXBuildFile; fileRef = 628251A51D44A2EE005E32BE /* IVPMCollectioViewController.swift */; };
		628251A81D44A4E7005E32BE /* pokemonStats.plist in Resources */ = {isa = PBXBuildFile; fileRef = 628251A71D44A4E7005E32BE /* pokemonStats.plist */; };
		628251AA1D44A8E7005E32BE /* Constants.swift in Sources */ = {isa = PBXBuildFile; fileRef = 628251A91D44A8E7005E32BE /* Constants.swift */; };
		628251B01D44B2D5005E32BE /* IVPMCollectionViewCell.swift in Sources */ = {isa = PBXBuildFile; fileRef = 628251AF1D44B2D5005E32BE /* IVPMCollectionViewCell.swift */; };
/* End PBXBuildFile section */

/* Begin PBXFileReference section */
		626DB54E1D43ED66007F8968 /* IVCalc.app */ = {isa = PBXFileReference; explicitFileType = wrapper.application; includeInIndex = 0; path = IVCalc.app; sourceTree = BUILT_PRODUCTS_DIR; };
		626DB5511D43ED66007F8968 /* AppDelegate.swift */ = {isa = PBXFileReference; lastKnownFileType = sourcecode.swift; path = AppDelegate.swift; sourceTree = "<group>"; };
		626DB5531D43ED66007F8968 /* ViewController.swift */ = {isa = PBXFileReference; lastKnownFileType = sourcecode.swift; path = ViewController.swift; sourceTree = "<group>"; };
		626DB5561D43ED66007F8968 /* Base */ = {isa = PBXFileReference; lastKnownFileType = file.storyboard; name = Base; path = Base.lproj/Main.storyboard; sourceTree = "<group>"; };
		626DB5581D43ED66007F8968 /* Assets.xcassets */ = {isa = PBXFileReference; lastKnownFileType = folder.assetcatalog; path = Assets.xcassets; sourceTree = "<group>"; };
		626DB55B1D43ED66007F8968 /* Base */ = {isa = PBXFileReference; lastKnownFileType = file.storyboard; name = Base; path = Base.lproj/LaunchScreen.storyboard; sourceTree = "<group>"; };
		626DB55D1D43ED66007F8968 /* Info.plist */ = {isa = PBXFileReference; lastKnownFileType = text.plist.xml; path = Info.plist; sourceTree = "<group>"; };
		628251A51D44A2EE005E32BE /* IVPMCollectioViewController.swift */ = {isa = PBXFileReference; fileEncoding = 4; lastKnownFileType = sourcecode.swift; path = IVPMCollectioViewController.swift; sourceTree = "<group>"; };
		628251A71D44A4E7005E32BE /* pokemonStats.plist */ = {isa = PBXFileReference; fileEncoding = 4; lastKnownFileType = text.plist.xml; path = pokemonStats.plist; sourceTree = "<group>"; };
		628251A91D44A8E7005E32BE /* Constants.swift */ = {isa = PBXFileReference; fileEncoding = 4; lastKnownFileType = sourcecode.swift; path = Constants.swift; sourceTree = "<group>"; };
		628251AF1D44B2D5005E32BE /* IVPMCollectionViewCell.swift */ = {isa = PBXFileReference; fileEncoding = 4; lastKnownFileType = sourcecode.swift; path = IVPMCollectionViewCell.swift; sourceTree = "<group>"; };
/* End PBXFileReference section */

/* Begin PBXFrameworksBuildPhase section */
		626DB54B1D43ED66007F8968 /* Frameworks */ = {
			isa = PBXFrameworksBuildPhase;
			buildActionMask = 2147483647;
			files = (
			);
			runOnlyForDeploymentPostprocessing = 0;
		};
/* End PBXFrameworksBuildPhase section */

/* Begin PBXGroup section */
		626DB5451D43ED66007F8968 = {
			isa = PBXGroup;
			children = (
				626DB5501D43ED66007F8968 /* IVCalc */,
				626DB54F1D43ED66007F8968 /* Products */,
			);
			sourceTree = "<group>";
		};
		626DB54F1D43ED66007F8968 /* Products */ = {
			isa = PBXGroup;
			children = (
				626DB54E1D43ED66007F8968 /* IVCalc.app */,
			);
			name = Products;
			sourceTree = "<group>";
		};
		626DB5501D43ED66007F8968 /* IVCalc */ = {
			isa = PBXGroup;
			children = (
				626DB5511D43ED66007F8968 /* AppDelegate.swift */,
				626DB5531D43ED66007F8968 /* ViewController.swift */,
				626DB5551D43ED66007F8968 /* Main.storyboard */,
				626DB5581D43ED66007F8968 /* Assets.xcassets */,
				626DB55A1D43ED66007F8968 /* LaunchScreen.storyboard */,
				626DB55D1D43ED66007F8968 /* Info.plist */,
				628251A51D44A2EE005E32BE /* IVPMCollectioViewController.swift */,
				628251A71D44A4E7005E32BE /* pokemonStats.plist */,
				628251A91D44A8E7005E32BE /* Constants.swift */,
				628251AF1D44B2D5005E32BE /* IVPMCollectionViewCell.swift */,
			);
			path = IVCalc;
			sourceTree = "<group>";
		};
/* End PBXGroup section */

/* Begin PBXNativeTarget section */
		626DB54D1D43ED66007F8968 /* IVCalc */ = {
			isa = PBXNativeTarget;
			buildConfigurationList = 626DB5601D43ED66007F8968 /* Build configuration list for PBXNativeTarget "IVCalc" */;
			buildPhases = (
				626DB54A1D43ED66007F8968 /* Sources */,
				626DB54B1D43ED66007F8968 /* Frameworks */,
				626DB54C1D43ED66007F8968 /* Resources */,
			);
			buildRules = (
			);
			dependencies = (
			);
			name = IVCalc;
			productName = IVCalc;
			productReference = 626DB54E1D43ED66007F8968 /* IVCalc.app */;
			productType = "com.apple.product-type.application";
		};
/* End PBXNativeTarget section */

/* Begin PBXProject section */
		626DB5461D43ED66007F8968 /* Project object */ = {
			isa = PBXProject;
			attributes = {
				LastSwiftUpdateCheck = 0730;
				LastUpgradeCheck = 0730;
				ORGANIZATIONNAME = mingyu;
				TargetAttributes = {
					626DB54D1D43ED66007F8968 = {
						CreatedOnToolsVersion = 7.3.1;
					};
				};
			};
			buildConfigurationList = 626DB5491D43ED66007F8968 /* Build configuration list for PBXProject "IVCalc" */;
			compatibilityVersion = "Xcode 3.2";
			developmentRegion = English;
			hasScannedForEncodings = 0;
			knownRegions = (
				en,
				Base,
			);
			mainGroup = 626DB5451D43ED66007F8968;
			productRefGroup = 626DB54F1D43ED66007F8968 /* Products */;
			projectDirPath = "";
			projectRoot = "";
			targets = (
				626DB54D1D43ED66007F8968 /* IVCalc */,
			);
		};
/* End PBXProject section */

/* Begin PBXResourcesBuildPhase section */
		626DB54C1D43ED66007F8968 /* Resources */ = {
			isa = PBXResourcesBuildPhase;
			buildActionMask = 2147483647;
			files = (
				628251A81D44A4E7005E32BE /* pokemonStats.plist in Resources */,
				626DB55C1D43ED66007F8968 /* LaunchScreen.storyboard in Resources */,
				626DB5591D43ED66007F8968 /* Assets.xcassets in Resources */,
				626DB5571D43ED66007F8968 /* Main.storyboard in Resources */,
			);
			runOnlyForDeploymentPostprocessing = 0;
		};
/* End PBXResourcesBuildPhase section */

/* Begin PBXSourcesBuildPhase section */
		626DB54A1D43ED66007F8968 /* Sources */ = {
			isa = PBXSourcesBuildPhase;
			buildActionMask = 2147483647;
			files = (
				628251A61D44A2EE005E32BE /* IVPMCollectioViewController.swift in Sources */,
				628251B01D44B2D5005E32BE /* IVPMCollectionViewCell.swift in Sources */,
				626DB5541D43ED66007F8968 /* ViewController.swift in Sources */,
				626DB5521D43ED66007F8968 /* AppDelegate.swift in Sources */,
				628251AA1D44A8E7005E32BE /* Constants.swift in Sources */,
			);
			runOnlyForDeploymentPostprocessing = 0;
		};
/* End PBXSourcesBuildPhase section */

/* Begin PBXVariantGroup section */
		626DB5551D43ED66007F8968 /* Main.storyboard */ = {
			isa = PBXVariantGroup;
			children = (
				626DB5561D43ED66007F8968 /* Base */,
			);
			name = Main.storyboard;
			sourceTree = "<group>";
		};
		626DB55A1D43ED66007F8968 /* LaunchScreen.storyboard */ = {
			isa = PBXVariantGroup;
			children = (
				626DB55B1D43ED66007F8968 /* Base */,
			);
			name = LaunchScreen.storyboard;
			sourceTree = "<group>";
		};
/* End PBXVariantGroup section */

/* Begin XCBuildConfiguration section */
		626DB55E1D43ED66007F8968 /* Debug */ = {
			isa = XCBuildConfiguration;
			buildSettings = {
				ALWAYS_SEARCH_USER_PATHS = NO;
				CLANG_ANALYZER_NONNULL = YES;
				CLANG_CXX_LANGUAGE_STANDARD = "gnu++0x";
				CLANG_CXX_LIBRARY = "libc++";
				CLANG_ENABLE_MODULES = YES;
				CLANG_ENABLE_OBJC_ARC = YES;
				CLANG_WARN_BOOL_CONVERSION = YES;
				CLANG_WARN_CONSTANT_CONVERSION = YES;
				CLANG_WARN_DIRECT_OBJC_ISA_USAGE = YES_ERROR;
				CLANG_WARN_EMPTY_BODY = YES;
				CLANG_WARN_ENUM_CONVERSION = YES;
				CLANG_WARN_INT_CONVERSION = YES;
				CLANG_WARN_OBJC_ROOT_CLASS = YES_ERROR;
				CLANG_WARN_UNREACHABLE_CODE = YES;
				CLANG_WARN__DUPLICATE_METHOD_MATCH = YES;
				"CODE_SIGN_IDENTITY[sdk=iphoneos*]" = "iPhone Developer";
				COPY_PHASE_STRIP = NO;
				DEBUG_INFORMATION_FORMAT = dwarf;
				ENABLE_STRICT_OBJC_MSGSEND = YES;
				ENABLE_TESTABILITY = YES;
				GCC_C_LANGUAGE_STANDARD = gnu99;
				GCC_DYNAMIC_NO_PIC = NO;
				GCC_NO_COMMON_BLOCKS = YES;
				GCC_OPTIMIZATION_LEVEL = 0;
				GCC_PREPROCESSOR_DEFINITIONS = (
					"DEBUG=1",
					"$(inherited)",
				);
				GCC_WARN_64_TO_32_BIT_CONVERSION = YES;
				GCC_WARN_ABOUT_RETURN_TYPE = YES_ERROR;
				GCC_WARN_UNDECLARED_SELECTOR = YES;
				GCC_WARN_UNINITIALIZED_AUTOS = YES_AGGRESSIVE;
				GCC_WARN_UNUSED_FUNCTION = YES;
				GCC_WARN_UNUSED_VARIABLE = YES;
				IPHONEOS_DEPLOYMENT_TARGET = 9.3;
				MTL_ENABLE_DEBUG_INFO = YES;
				ONLY_ACTIVE_ARCH = YES;
				SDKROOT = iphoneos;
				SWIFT_OPTIMIZATION_LEVEL = "-Onone";
			};
			name = Debug;
		};
		626DB55F1D43ED66007F8968 /* Release */ = {
			isa = XCBuildConfiguration;
			buildSettings = {
				ALWAYS_SEARCH_USER_PATHS = NO;
				CLANG_ANALYZER_NONNULL = YES;
				CLANG_CXX_LANGUAGE_STANDARD = "gnu++0x";
				CLANG_CXX_LIBRARY = "libc++";
				CLANG_ENABLE_MODULES = YES;
				CLANG_ENABLE_OBJC_ARC = YES;
				CLANG_WARN_BOOL_CONVERSION = YES;
				CLANG_WARN_CONSTANT_CONVERSION = YES;
				CLANG_WARN_DIRECT_OBJC_ISA_USAGE = YES_ERROR;
				CLANG_WARN_EMPTY_BODY = YES;
				CLANG_WARN_ENUM_CONVERSION = YES;
				CLANG_WARN_INT_CONVERSION = YES;
				CLANG_WARN_OBJC_ROOT_CLASS = YES_ERROR;
				CLANG_WARN_UNREACHABLE_CODE = YES;
				CLANG_WARN__DUPLICATE_METHOD_MATCH = YES;
				"CODE_SIGN_IDENTITY[sdk=iphoneos*]" = "iPhone Developer";
				COPY_PHASE_STRIP = NO;
				DEBUG_INFORMATION_FORMAT = "dwarf-with-dsym";
				ENABLE_NS_ASSERTIONS = NO;
				ENABLE_STRICT_OBJC_MSGSEND = YES;
				GCC_C_LANGUAGE_STANDARD = gnu99;
				GCC_NO_COMMON_BLOCKS = YES;
				GCC_WARN_64_TO_32_BIT_CONVERSION = YES;
				GCC_WARN_ABOUT_RETURN_TYPE = YES_ERROR;
				GCC_WARN_UNDECLARED_SELECTOR = YES;
				GCC_WARN_UNINITIALIZED_AUTOS = YES_AGGRESSIVE;
				GCC_WARN_UNUSED_FUNCTION = YES;
				GCC_WARN_UNUSED_VARIABLE = YES;
				IPHONEOS_DEPLOYMENT_TARGET = 9.3;
				MTL_ENABLE_DEBUG_INFO = NO;
				SDKROOT = iphoneos;
				VALIDATE_PRODUCT = YES;
			};
			name = Release;
		};
		626DB5611D43ED66007F8968 /* Debug */ = {
			isa = XCBuildConfiguration;
			buildSettings = {
				ASSETCATALOG_COMPILER_APPICON_NAME = AppIcon;
				INFOPLIST_FILE = IVCalc/Info.plist;
				LD_RUNPATH_SEARCH_PATHS = "$(inherited) @executable_path/Frameworks";
				PRODUCT_BUNDLE_IDENTIFIER = com.mingyu.IVCalc;
				PRODUCT_NAME = "$(TARGET_NAME)";
			};
			name = Debug;
		};
		626DB5621D43ED66007F8968 /* Release */ = {
			isa = XCBuildConfiguration;
			buildSettings = {
				ASSETCATALOG_COMPILER_APPICON_NAME = AppIcon;
				INFOPLIST_FILE = IVCalc/Info.plist;
				LD_RUNPATH_SEARCH_PATHS = "$(inherited) @executable_path/Frameworks";
				PRODUCT_BUNDLE_IDENTIFIER = com.mingyu.IVCalc;
				PRODUCT_NAME = "$(TARGET_NAME)";
			};
			name = Release;
		};
/* End XCBuildConfiguration section */

/* Begin XCConfigurationList section */
		626DB5491D43ED66007F8968 /* Build configuration list for PBXProject "IVCalc" */ = {
			isa = XCConfigurationList;
			buildConfigurations = (
				626DB55E1D43ED66007F8968 /* Debug */,
				626DB55F1D43ED66007F8968 /* Release */,
			);
			defaultConfigurationIsVisible = 0;
			defaultConfigurationName = Release;
		};
		626DB5601D43ED66007F8968 /* Build configuration list for PBXNativeTarget "IVCalc" */ = {
			isa = XCConfigurationList;
			buildConfigurations = (
				626DB5611D43ED66007F8968 /* Debug */,
				626DB5621D43ED66007F8968 /* Release */,
			);
			defaultConfigurationIsVisible = 0;
			defaultConfigurationName = Release;
		};
/* End XCConfigurationList section */
	};
	rootObject = 626DB5461D43ED66007F8968 /* Project object */;
}
